// !$*UTF8*$!
{
	archiveVersion = 1;
	classes = {
	};
	objectVersion = 56;
	objects = {

/* Begin PBXBuildFile section */
		502999242A5F371100F395A2 /* keepLangApp.swift in Sources */ = {isa = PBXBuildFile; fileRef = 502999232A5F371100F395A2 /* keepLangApp.swift */; };
		502999262A5F371100F395A2 /* ContentView.swift in Sources */ = {isa = PBXBuildFile; fileRef = 502999252A5F371100F395A2 /* ContentView.swift */; };
		502999282A5F371300F395A2 /* Assets.xcassets in Resources */ = {isa = PBXBuildFile; fileRef = 502999272A5F371300F395A2 /* Assets.xcassets */; };
		5029992B2A5F371300F395A2 /* Preview Assets.xcassets in Resources */ = {isa = PBXBuildFile; fileRef = 5029992A2A5F371300F395A2 /* Preview Assets.xcassets */; };
		502999382A5F374600F395A2 /* KeyboardViewController.swift in Sources */ = {isa = PBXBuildFile; fileRef = 502999372A5F374600F395A2 /* KeyboardViewController.swift */; };
		5029993C2A5F374600F395A2 /* keepLangKeyboard.appex in Embed Foundation Extensions */ = {isa = PBXBuildFile; fileRef = 502999352A5F374600F395A2 /* keepLangKeyboard.appex */; settings = {ATTRIBUTES = (RemoveHeadersOnCopy, ); }; };
		5097677A2A6FE88E00D775F0 /* detectLanguage.swift in Sources */ = {isa = PBXBuildFile; fileRef = 509767792A6FE88E00D775F0 /* detectLanguage.swift */; };
/* End PBXBuildFile section */

/* Begin PBXContainerItemProxy section */
		5029993A2A5F374600F395A2 /* PBXContainerItemProxy */ = {
			isa = PBXContainerItemProxy;
			containerPortal = 502999182A5F371100F395A2 /* Project object */;
			proxyType = 1;
			remoteGlobalIDString = 502999342A5F374600F395A2;
			remoteInfo = keepLangKeyboard;
		};
/* End PBXContainerItemProxy section */

/* Begin PBXCopyFilesBuildPhase section */
		502999402A5F374600F395A2 /* Embed Foundation Extensions */ = {
			isa = PBXCopyFilesBuildPhase;
			buildActionMask = 2147483647;
			dstPath = "";
			dstSubfolderSpec = 13;
			files = (
				5029993C2A5F374600F395A2 /* keepLangKeyboard.appex in Embed Foundation Extensions */,
			);
			name = "Embed Foundation Extensions";
			runOnlyForDeploymentPostprocessing = 0;
		};
/* End PBXCopyFilesBuildPhase section */

/* Begin PBXFileReference section */
		502999202A5F371100F395A2 /* keepLang.app */ = {isa = PBXFileReference; explicitFileType = wrapper.application; includeInIndex = 0; path = keepLang.app; sourceTree = BUILT_PRODUCTS_DIR; };
		502999232A5F371100F395A2 /* keepLangApp.swift */ = {isa = PBXFileReference; lastKnownFileType = sourcecode.swift; path = keepLangApp.swift; sourceTree = "<group>"; };
		502999252A5F371100F395A2 /* ContentView.swift */ = {isa = PBXFileReference; lastKnownFileType = sourcecode.swift; path = ContentView.swift; sourceTree = "<group>"; };
		502999272A5F371300F395A2 /* Assets.xcassets */ = {isa = PBXFileReference; lastKnownFileType = folder.assetcatalog; path = Assets.xcassets; sourceTree = "<group>"; };
		5029992A2A5F371300F395A2 /* Preview Assets.xcassets */ = {isa = PBXFileReference; lastKnownFileType = folder.assetcatalog; path = "Preview Assets.xcassets"; sourceTree = "<group>"; };
		502999352A5F374600F395A2 /* keepLangKeyboard.appex */ = {isa = PBXFileReference; explicitFileType = "wrapper.app-extension"; includeInIndex = 0; path = keepLangKeyboard.appex; sourceTree = BUILT_PRODUCTS_DIR; };
		502999372A5F374600F395A2 /* KeyboardViewController.swift */ = {isa = PBXFileReference; lastKnownFileType = sourcecode.swift; path = KeyboardViewController.swift; sourceTree = "<group>"; };
		502999392A5F374600F395A2 /* Info.plist */ = {isa = PBXFileReference; lastKnownFileType = text.plist.xml; path = Info.plist; sourceTree = "<group>"; };
		509767782A6FD54D00D775F0 /* Info.plist */ = {isa = PBXFileReference; lastKnownFileType = text.plist; path = Info.plist; sourceTree = "<group>"; };
		509767792A6FE88E00D775F0 /* detectLanguage.swift */ = {isa = PBXFileReference; lastKnownFileType = sourcecode.swift; path = detectLanguage.swift; sourceTree = "<group>"; };
/* End PBXFileReference section */

/* Begin PBXFrameworksBuildPhase section */
		5029991D2A5F371100F395A2 /* Frameworks */ = {
			isa = PBXFrameworksBuildPhase;
			buildActionMask = 2147483647;
			files = (
			);
			runOnlyForDeploymentPostprocessing = 0;
		};
		502999322A5F374600F395A2 /* Frameworks */ = {
			isa = PBXFrameworksBuildPhase;
			buildActionMask = 2147483647;
			files = (
			);
			runOnlyForDeploymentPostprocessing = 0;
		};
/* End PBXFrameworksBuildPhase section */

/* Begin PBXGroup section */
		502999172A5F371100F395A2 = {
			isa = PBXGroup;
			children = (
				502999222A5F371100F395A2 /* keepLang */,
				502999362A5F374600F395A2 /* keepLangKeyboard */,
				502999212A5F371100F395A2 /* Products */,
			);
			sourceTree = "<group>";
		};
		502999212A5F371100F395A2 /* Products */ = {
			isa = PBXGroup;
			children = (
				502999202A5F371100F395A2 /* keepLang.app */,
				502999352A5F374600F395A2 /* keepLangKeyboard.appex */,
			);
			name = Products;
			sourceTree = "<group>";
		};
		502999222A5F371100F395A2 /* keepLang */ = {
			isa = PBXGroup;
			children = (
				509767782A6FD54D00D775F0 /* Info.plist */,
				502999232A5F371100F395A2 /* keepLangApp.swift */,
				502999252A5F371100F395A2 /* ContentView.swift */,
				502999272A5F371300F395A2 /* Assets.xcassets */,
				502999292A5F371300F395A2 /* Preview Content */,
			);
			path = keepLang;
			sourceTree = "<group>";
		};
		502999292A5F371300F395A2 /* Preview Content */ = {
			isa = PBXGroup;
			children = (
				5029992A2A5F371300F395A2 /* Preview Assets.xcassets */,
			);
			path = "Preview Content";
			sourceTree = "<group>";
		};
		502999362A5F374600F395A2 /* keepLangKeyboard */ = {
			isa = PBXGroup;
			children = (
				502999372A5F374600F395A2 /* KeyboardViewController.swift */,
				509767792A6FE88E00D775F0 /* detectLanguage.swift */,
				502999392A5F374600F395A2 /* Info.plist */,
			);
			path = keepLangKeyboard;
			sourceTree = "<group>";
		};
/* End PBXGroup section */

/* Begin PBXNativeTarget section */
		5029991F2A5F371100F395A2 /* keepLang */ = {
			isa = PBXNativeTarget;
			buildConfigurationList = 5029992E2A5F371300F395A2 /* Build configuration list for PBXNativeTarget "keepLang" */;
			buildPhases = (
				5029991C2A5F371100F395A2 /* Sources */,
				5029991D2A5F371100F395A2 /* Frameworks */,
				5029991E2A5F371100F395A2 /* Resources */,
				502999402A5F374600F395A2 /* Embed Foundation Extensions */,
			);
			buildRules = (
			);
			dependencies = (
				5029993B2A5F374600F395A2 /* PBXTargetDependency */,
			);
			name = keepLang;
			productName = keepLang;
			productReference = 502999202A5F371100F395A2 /* keepLang.app */;
			productType = "com.apple.product-type.application";
		};
		502999342A5F374600F395A2 /* keepLangKeyboard */ = {
			isa = PBXNativeTarget;
			buildConfigurationList = 5029993D2A5F374600F395A2 /* Build configuration list for PBXNativeTarget "keepLangKeyboard" */;
			buildPhases = (
				502999312A5F374600F395A2 /* Sources */,
				502999322A5F374600F395A2 /* Frameworks */,
				502999332A5F374600F395A2 /* Resources */,
			);
			buildRules = (
			);
			dependencies = (
			);
			name = keepLangKeyboard;
			productName = keepLangKeyboard;
			productReference = 502999352A5F374600F395A2 /* keepLangKeyboard.appex */;
			productType = "com.apple.product-type.app-extension";
		};
/* End PBXNativeTarget section */

/* Begin PBXProject section */
		502999182A5F371100F395A2 /* Project object */ = {
			isa = PBXProject;
			attributes = {
				BuildIndependentTargetsInParallel = 1;
				LastSwiftUpdateCheck = 1430;
				LastUpgradeCheck = 1430;
				TargetAttributes = {
					5029991F2A5F371100F395A2 = {
						CreatedOnToolsVersion = 14.3.1;
					};
					502999342A5F374600F395A2 = {
						CreatedOnToolsVersion = 14.3.1;
					};
				};
			};
			buildConfigurationList = 5029991B2A5F371100F395A2 /* Build configuration list for PBXProject "keepLang" */;
			compatibilityVersion = "Xcode 14.0";
			developmentRegion = en;
			hasScannedForEncodings = 0;
			knownRegions = (
				en,
				Base,
			);
			mainGroup = 502999172A5F371100F395A2;
			productRefGroup = 502999212A5F371100F395A2 /* Products */;
			projectDirPath = "";
			projectRoot = "";
			targets = (
				5029991F2A5F371100F395A2 /* keepLang */,
				502999342A5F374600F395A2 /* keepLangKeyboard */,
			);
		};
/* End PBXProject section */

/* Begin PBXResourcesBuildPhase section */
		5029991E2A5F371100F395A2 /* Resources */ = {
			isa = PBXResourcesBuildPhase;
			buildActionMask = 2147483647;
			files = (
				5029992B2A5F371300F395A2 /* Preview Assets.xcassets in Resources */,
				502999282A5F371300F395A2 /* Assets.xcassets in Resources */,
			);
			runOnlyForDeploymentPostprocessing = 0;
		};
		502999332A5F374600F395A2 /* Resources */ = {
			isa = PBXResourcesBuildPhase;
			buildActionMask = 2147483647;
			files = (
			);
			runOnlyForDeploymentPostprocessing = 0;
		};
/* End PBXResourcesBuildPhase section */

/* Begin PBXSourcesBuildPhase section */
		5029991C2A5F371100F395A2 /* Sources */ = {
			isa = PBXSourcesBuildPhase;
			buildActionMask = 2147483647;
			files = (
				502999262A5F371100F395A2 /* ContentView.swift in Sources */,
				502999242A5F371100F395A2 /* keepLangApp.swift in Sources */,
			);
			runOnlyForDeploymentPostprocessing = 0;
		};
		502999312A5F374600F395A2 /* Sources */ = {
			isa = PBXSourcesBuildPhase;
			buildActionMask = 2147483647;
			files = (
				5097677A2A6FE88E00D775F0 /* detectLanguage.swift in Sources */,
				502999382A5F374600F395A2 /* KeyboardViewController.swift in Sources */,
			);
			runOnlyForDeploymentPostprocessing = 0;
		};
/* End PBXSourcesBuildPhase section */

/* Begin PBXTargetDependency section */
		5029993B2A5F374600F395A2 /* PBXTargetDependency */ = {
			isa = PBXTargetDependency;
			target = 502999342A5F374600F395A2 /* keepLangKeyboard */;
			targetProxy = 5029993A2A5F374600F395A2 /* PBXContainerItemProxy */;
		};
/* End PBXTargetDependency section */

/* Begin XCBuildConfiguration section */
		5029992C2A5F371300F395A2 /* Debug */ = {
			isa = XCBuildConfiguration;
			buildSettings = {
				ALWAYS_SEARCH_USER_PATHS = NO;
				CLANG_ANALYZER_NONNULL = YES;
				CLANG_ANALYZER_NUMBER_OBJECT_CONVERSION = YES_AGGRESSIVE;
				CLANG_CXX_LANGUAGE_STANDARD = "gnu++20";
				CLANG_ENABLE_MODULES = YES;
				CLANG_ENABLE_OBJC_ARC = YES;
				CLANG_ENABLE_OBJC_WEAK = YES;
				CLANG_WARN_BLOCK_CAPTURE_AUTORELEASING = YES;
				CLANG_WARN_BOOL_CONVERSION = YES;
				CLANG_WARN_COMMA = YES;
				CLANG_WARN_CONSTANT_CONVERSION = YES;
				CLANG_WARN_DEPRECATED_OBJC_IMPLEMENTATIONS = YES;
				CLANG_WARN_DIRECT_OBJC_ISA_USAGE = YES_ERROR;
				CLANG_WARN_DOCUMENTATION_COMMENTS = YES;
				CLANG_WARN_EMPTY_BODY = YES;
				CLANG_WARN_ENUM_CONVERSION = YES;
				CLANG_WARN_INFINITE_RECURSION = YES;
				CLANG_WARN_INT_CONVERSION = YES;
				CLANG_WARN_NON_LITERAL_NULL_CONVERSION = YES;
				CLANG_WARN_OBJC_IMPLICIT_RETAIN_SELF = YES;
				CLANG_WARN_OBJC_LITERAL_CONVERSION = YES;
				CLANG_WARN_OBJC_ROOT_CLASS = YES_ERROR;
				CLANG_WARN_QUOTED_INCLUDE_IN_FRAMEWORK_HEADER = YES;
				CLANG_WARN_RANGE_LOOP_ANALYSIS = YES;
				CLANG_WARN_STRICT_PROTOTYPES = YES;
				CLANG_WARN_SUSPICIOUS_MOVE = YES;
				CLANG_WARN_UNGUARDED_AVAILABILITY = YES_AGGRESSIVE;
				CLANG_WARN_UNREACHABLE_CODE = YES;
				CLANG_WARN__DUPLICATE_METHOD_MATCH = YES;
				COPY_PHASE_STRIP = NO;
				DEBUG_INFORMATION_FORMAT = dwarf;
				ENABLE_STRICT_OBJC_MSGSEND = YES;
				ENABLE_TESTABILITY = YES;
				GCC_C_LANGUAGE_STANDARD = gnu11;
				GCC_DYNAMIC_NO_PIC = NO;
				GCC_NO_COMMON_BLOCKS = YES;
				GCC_OPTIMIZATION_LEVEL = 0;
				GCC_PREPROCESSOR_DEFINITIONS = (
					"DEBUG=1",
					"$(inherited)",
				);
				GCC_WARN_64_TO_32_BIT_CONVERSION = YES;
				GCC_WARN_ABOUT_RETURN_TYPE = YES_ERROR;
				GCC_WARN_UNDECLARED_SELECTOR = YES;
				GCC_WARN_UNINITIALIZED_AUTOS = YES_AGGRESSIVE;
				GCC_WARN_UNUSED_FUNCTION = YES;
				GCC_WARN_UNUSED_VARIABLE = YES;
				IPHONEOS_DEPLOYMENT_TARGET = 16.4;
				MTL_ENABLE_DEBUG_INFO = INCLUDE_SOURCE;
				MTL_FAST_MATH = YES;
				ONLY_ACTIVE_ARCH = YES;
				SDKROOT = iphoneos;
				SWIFT_ACTIVE_COMPILATION_CONDITIONS = DEBUG;
				SWIFT_OPTIMIZATION_LEVEL = "-Onone";
			};
			name = Debug;
		};
		5029992D2A5F371300F395A2 /* Release */ = {
			isa = XCBuildConfiguration;
			buildSettings = {
				ALWAYS_SEARCH_USER_PATHS = NO;
				CLANG_ANALYZER_NONNULL = YES;
				CLANG_ANALYZER_NUMBER_OBJECT_CONVERSION = YES_AGGRESSIVE;
				CLANG_CXX_LANGUAGE_STANDARD = "gnu++20";
				CLANG_ENABLE_MODULES = YES;
				CLANG_ENABLE_OBJC_ARC = YES;
				CLANG_ENABLE_OBJC_WEAK = YES;
				CLANG_WARN_BLOCK_CAPTURE_AUTORELEASING = YES;
				CLANG_WARN_BOOL_CONVERSION = YES;
				CLANG_WARN_COMMA = YES;
				CLANG_WARN_CONSTANT_CONVERSION = YES;
				CLANG_WARN_DEPRECATED_OBJC_IMPLEMENTATIONS = YES;
				CLANG_WARN_DIRECT_OBJC_ISA_USAGE = YES_ERROR;
				CLANG_WARN_DOCUMENTATION_COMMENTS = YES;
				CLANG_WARN_EMPTY_BODY = YES;
				CLANG_WARN_ENUM_CONVERSION = YES;
				CLANG_WARN_INFINITE_RECURSION = YES;
				CLANG_WARN_INT_CONVERSION = YES;
				CLANG_WARN_NON_LITERAL_NULL_CONVERSION = YES;
				CLANG_WARN_OBJC_IMPLICIT_RETAIN_SELF = YES;
				CLANG_WARN_OBJC_LITERAL_CONVERSION = YES;
				CLANG_WARN_OBJC_ROOT_CLASS = YES_ERROR;
				CLANG_WARN_QUOTED_INCLUDE_IN_FRAMEWORK_HEADER = YES;
				CLANG_WARN_RANGE_LOOP_ANALYSIS = YES;
				CLANG_WARN_STRICT_PROTOTYPES = YES;
				CLANG_WARN_SUSPICIOUS_MOVE = YES;
				CLANG_WARN_UNGUARDED_AVAILABILITY = YES_AGGRESSIVE;
				CLANG_WARN_UNREACHABLE_CODE = YES;
				CLANG_WARN__DUPLICATE_METHOD_MATCH = YES;
				COPY_PHASE_STRIP = NO;
				DEBUG_INFORMATION_FORMAT = "dwarf-with-dsym";
				ENABLE_NS_ASSERTIONS = NO;
				ENABLE_STRICT_OBJC_MSGSEND = YES;
				GCC_C_LANGUAGE_STANDARD = gnu11;
				GCC_NO_COMMON_BLOCKS = YES;
				GCC_WARN_64_TO_32_BIT_CONVERSION = YES;
				GCC_WARN_ABOUT_RETURN_TYPE = YES_ERROR;
				GCC_WARN_UNDECLARED_SELECTOR = YES;
				GCC_WARN_UNINITIALIZED_AUTOS = YES_AGGRESSIVE;
				GCC_WARN_UNUSED_FUNCTION = YES;
				GCC_WARN_UNUSED_VARIABLE = YES;
				IPHONEOS_DEPLOYMENT_TARGET = 16.4;
				MTL_ENABLE_DEBUG_INFO = NO;
				MTL_FAST_MATH = YES;
				SDKROOT = iphoneos;
				SWIFT_COMPILATION_MODE = wholemodule;
				SWIFT_OPTIMIZATION_LEVEL = "-O";
				VALIDATE_PRODUCT = YES;
			};
			name = Release;
		};
		5029992F2A5F371300F395A2 /* Debug */ = {
			isa = XCBuildConfiguration;
			buildSettings = {
				ALWAYS_EMBED_SWIFT_STANDARD_LIBRARIES = YES;
				ASSETCATALOG_COMPILER_APPICON_NAME = AppIcon;
				ASSETCATALOG_COMPILER_GLOBAL_ACCENT_COLOR_NAME = AccentColor;
				CODE_SIGN_STYLE = Automatic;
				CURRENT_PROJECT_VERSION = 1;
				DEVELOPMENT_ASSET_PATHS = "\"keepLang/Preview Content\"";
				DEVELOPMENT_TEAM = NRTGJB9J65;
				ENABLE_PREVIEWS = YES;
				GENERATE_INFOPLIST_FILE = YES;
				INFOPLIST_FILE = keepLang/Info.plist;
				INFOPLIST_KEY_UIApplicationSceneManifest_Generation = YES;
				INFOPLIST_KEY_UIApplicationSupportsIndirectInputEvents = YES;
				INFOPLIST_KEY_UILaunchScreen_Generation = YES;
				INFOPLIST_KEY_UISupportedInterfaceOrientations_iPad = "UIInterfaceOrientationPortrait UIInterfaceOrientationPortraitUpsideDown UIInterfaceOrientationLandscapeLeft UIInterfaceOrientationLandscapeRight";
				INFOPLIST_KEY_UISupportedInterfaceOrientations_iPhone = "UIInterfaceOrientationPortrait UIInterfaceOrientationLandscapeLeft UIInterfaceOrientationLandscapeRight";
				LD_RUNPATH_SEARCH_PATHS = (
					"$(inherited)",
					"@executable_path/Frameworks",
				);
				MARKETING_VERSION = 1.0;
				PRODUCT_BUNDLE_IDENTIFIER = com.Morphicode.keepLang;
				PRODUCT_NAME = "$(TARGET_NAME)";
				SWIFT_EMIT_LOC_STRINGS = YES;
				SWIFT_VERSION = 5.0;
				TARGETED_DEVICE_FAMILY = "1,2";
			};
			name = Debug;
		};
		502999302A5F371300F395A2 /* Release */ = {
			isa = XCBuildConfiguration;
			buildSettings = {
				ALWAYS_EMBED_SWIFT_STANDARD_LIBRARIES = YES;
				ASSETCATALOG_COMPILER_APPICON_NAME = AppIcon;
				ASSETCATALOG_COMPILER_GLOBAL_ACCENT_COLOR_NAME = AccentColor;
				CODE_SIGN_STYLE = Automatic;
				CURRENT_PROJECT_VERSION = 1;
				DEVELOPMENT_ASSET_PATHS = "\"keepLang/Preview Content\"";
				DEVELOPMENT_TEAM = NRTGJB9J65;
				ENABLE_PREVIEWS = YES;
				GENERATE_INFOPLIST_FILE = YES;
				INFOPLIST_FILE = keepLang/Info.plist;
				INFOPLIST_KEY_UIApplicationSceneManifest_Generation = YES;
				INFOPLIST_KEY_UIApplicationSupportsIndirectInputEvents = YES;
				INFOPLIST_KEY_UILaunchScreen_Generation = YES;
				INFOPLIST_KEY_UISupportedInterfaceOrientations_iPad = "UIInterfaceOrientationPortrait UIInterfaceOrientationPortraitUpsideDown UIInterfaceOrientationLandscapeLeft UIInterfaceOrientationLandscapeRight";
				INFOPLIST_KEY_UISupportedInterfaceOrientations_iPhone = "UIInterfaceOrientationPortrait UIInterfaceOrientationLandscapeLeft UIInterfaceOrientationLandscapeRight";
				LD_RUNPATH_SEARCH_PATHS = (
					"$(inherited)",
					"@executable_path/Frameworks",
				);
				MARKETING_VERSION = 1.0;
				PRODUCT_BUNDLE_IDENTIFIER = com.Morphicode.keepLang;
				PRODUCT_NAME = "$(TARGET_NAME)";
				SWIFT_EMIT_LOC_STRINGS = YES;
				SWIFT_VERSION = 5.0;
				TARGETED_DEVICE_FAMILY = "1,2";
			};
			name = Release;
		};
		5029993E2A5F374600F395A2 /* Debug */ = {
			isa = XCBuildConfiguration;
			buildSettings = {
				CODE_SIGN_STYLE = Automatic;
				CURRENT_PROJECT_VERSION = 1;
				DEVELOPMENT_TEAM = NRTGJB9J65;
				GENERATE_INFOPLIST_FILE = YES;
				INFOPLIST_FILE = keepLangKeyboard/Info.plist;
				INFOPLIST_KEY_CFBundleDisplayName = keepLangKeyboard;
				INFOPLIST_KEY_NSHumanReadableCopyright = "";
				LD_RUNPATH_SEARCH_PATHS = (
					"$(inherited)",
					"@executable_path/Frameworks",
					"@executable_path/../../Frameworks",
				);
				MARKETING_VERSION = 1.0;
				PRODUCT_BUNDLE_IDENTIFIER = com.Morphicode.keepLang.keepLangKeyboard;
				PRODUCT_NAME = "$(TARGET_NAME)";
				SKIP_INSTALL = YES;
				SWIFT_EMIT_LOC_STRINGS = YES;
				SWIFT_VERSION = 5.0;
				TARGETED_DEVICE_FAMILY = "1,2";
			};
			name = Debug;
		};
		5029993F2A5F374600F395A2 /* Release */ = {
			isa = XCBuildConfiguration;
			buildSettings = {
				CODE_SIGN_STYLE = Automatic;
				CURRENT_PROJECT_VERSION = 1;
				DEVELOPMENT_TEAM = NRTGJB9J65;
				GENERATE_INFOPLIST_FILE = YES;
				INFOPLIST_FILE = keepLangKeyboard/Info.plist;
				INFOPLIST_KEY_CFBundleDisplayName = keepLangKeyboard;
				INFOPLIST_KEY_NSHumanReadableCopyright = "";
				LD_RUNPATH_SEARCH_PATHS = (
					"$(inherited)",
					"@executable_path/Frameworks",
					"@executable_path/../../Frameworks",
				);
				MARKETING_VERSION = 1.0;
				PRODUCT_BUNDLE_IDENTIFIER = com.Morphicode.keepLang.keepLangKeyboard;
				PRODUCT_NAME = "$(TARGET_NAME)";
				SKIP_INSTALL = YES;
				SWIFT_EMIT_LOC_STRINGS = YES;
				SWIFT_VERSION = 5.0;
				TARGETED_DEVICE_FAMILY = "1,2";
			};
			name = Release;
		};
/* End XCBuildConfiguration section */

/* Begin XCConfigurationList section */
		5029991B2A5F371100F395A2 /* Build configuration list for PBXProject "keepLang" */ = {
			isa = XCConfigurationList;
			buildConfigurations = (
				5029992C2A5F371300F395A2 /* Debug */,
				5029992D2A5F371300F395A2 /* Release */,
			);
			defaultConfigurationIsVisible = 0;
			defaultConfigurationName = Release;
		};
		5029992E2A5F371300F395A2 /* Build configuration list for PBXNativeTarget "keepLang" */ = {
			isa = XCConfigurationList;
			buildConfigurations = (
				5029992F2A5F371300F395A2 /* Debug */,
				502999302A5F371300F395A2 /* Release */,
			);
			defaultConfigurationIsVisible = 0;
			defaultConfigurationName = Release;
		};
		5029993D2A5F374600F395A2 /* Build configuration list for PBXNativeTarget "keepLangKeyboard" */ = {
			isa = XCConfigurationList;
			buildConfigurations = (
				5029993E2A5F374600F395A2 /* Debug */,
				5029993F2A5F374600F395A2 /* Release */,
			);
			defaultConfigurationIsVisible = 0;
			defaultConfigurationName = Release;
		};
/* End XCConfigurationList section */
	};
	rootObject = 502999182A5F371100F395A2 /* Project object */;
}
